
Microsoft Visual Studio Solution File, Format Version 12.00
# Visual Studio 15
VisualStudioVersion = 15.0.27130.2027
MinimumVisualStudioVersion = 10.0.40219.1
Project("{8BC9CEB8-8B4A-11D0-8D11-00A0C91BC942}") = "Unrandomizere", "Unrandomizere\Unrandomizere.vcxproj", "{BCF11C26-1294-4696-B404-EC5B91256550}"
EndProject
Global
	GlobalSection(SolutionConfigurationPlatforms) = preSolution
		Debug|x64 = Debug|x64
		Debug|x86 = Debug|x86
		Release|x64 = Release|x64
		Release|x86 = Release|x86
	EndGlobalSection
	GlobalSection(ProjectConfigurationPlatforms) = postSolution
		{BCF11C26-1294-4696-B404-EC5B91256550}.Debug|x64.ActiveCfg = Debug|x64
		{BCF11C26-1294-4696-B404-EC5B91256550}.Debug|x64.Build.0 = Debug|x64
		{BCF11C26-1294-4696-B404-EC5B91256550}.Debug|x86.ActiveCfg = Debug|Win32
		{BCF11C26-1294-4696-B404-EC5B91256550}.Debug|x86.Build.0 = Debug|Win32
		{BCF11C26-1294-4696-B404-EC5B91256550}.Release|x64.ActiveCfg = Release|x64
		{BCF11C26-1294-4696-B404-EC5B91256550}.Release|x64.Build.0 = Release|x64
		{BCF11C26-1294-4696-B404-EC5B91256550}.Release|x86.ActiveCfg = Release|Win32
		{BCF11C26-1294-4696-B404-EC5B91256550}.Release|x86.Build.0 = Release|Win32
	EndGlobalSection
	GlobalSection(SolutionProperties) = preSolution
		HideSolutionNode = FALSE
	EndGlobalSection
	GlobalSection(ExtensibilityGlobals) = postSolution
		SolutionGuid = {77F32F04-B4E3-4048-9CE8-97869C15E87F}
	EndGlobalSection
EndGlobal
